// !$*UTF8*$!
{
	archiveVersion = 1;
	classes = {
	};
	objectVersion = 50;
	objects = {

/* Begin PBXBuildFile section */
		1831C43224BDF8AA00AC1828 /* ToDo.swift in Sources */ = {isa = PBXBuildFile; fileRef = 1831C43124BDF8AA00AC1828 /* ToDo.swift */; };
		1831C43424BDFE1700AC1828 /* TableViewController.swift in Sources */ = {isa = PBXBuildFile; fileRef = 1831C43324BDFE1700AC1828 /* TableViewController.swift */; };
		1831C43624BE002100AC1828 /* addToDoViewController.swift in Sources */ = {isa = PBXBuildFile; fileRef = 1831C43524BE002100AC1828 /* addToDoViewController.swift */; };
		18404CBA24BCBB1B00B386D5 /* AppDelegate.swift in Sources */ = {isa = PBXBuildFile; fileRef = 18404CB924BCBB1B00B386D5 /* AppDelegate.swift */; };
		18404CBC24BCBB1B00B386D5 /* SceneDelegate.swift in Sources */ = {isa = PBXBuildFile; fileRef = 18404CBB24BCBB1B00B386D5 /* SceneDelegate.swift */; };
		18404CC124BCBB1B00B386D5 /* Main.storyboard in Resources */ = {isa = PBXBuildFile; fileRef = 18404CBF24BCBB1B00B386D5 /* Main.storyboard */; };
		18404CC424BCBB1B00B386D5 /* reminderApp.xcdatamodeld in Sources */ = {isa = PBXBuildFile; fileRef = 18404CC224BCBB1B00B386D5 /* reminderApp.xcdatamodeld */; };
		18404CC624BCBB1D00B386D5 /* Assets.xcassets in Resources */ = {isa = PBXBuildFile; fileRef = 18404CC524BCBB1D00B386D5 /* Assets.xcassets */; };
		18404CC924BCBB1D00B386D5 /* LaunchScreen.storyboard in Resources */ = {isa = PBXBuildFile; fileRef = 18404CC724BCBB1D00B386D5 /* LaunchScreen.storyboard */; };
		18404CD324BCBFCF00B386D5 /* toDoTableViewController.swift in Sources */ = {isa = PBXBuildFile; fileRef = 18404CD224BCBFCF00B386D5 /* toDoTableViewController.swift */; };
/* End PBXBuildFile section */

/* Begin PBXFileReference section */
		1831C43124BDF8AA00AC1828 /* ToDo.swift */ = {isa = PBXFileReference; lastKnownFileType = sourcecode.swift; path = ToDo.swift; sourceTree = "<group>"; };
		1831C43324BDFE1700AC1828 /* TableViewController.swift */ = {isa = PBXFileReference; lastKnownFileType = sourcecode.swift; path = TableViewController.swift; sourceTree = "<group>"; };
		1831C43524BE002100AC1828 /* addToDoViewController.swift */ = {isa = PBXFileReference; lastKnownFileType = sourcecode.swift; path = addToDoViewController.swift; sourceTree = "<group>"; };
		18404CB624BCBB1B00B386D5 /* reminderApp.app */ = {isa = PBXFileReference; explicitFileType = wrapper.application; includeInIndex = 0; path = reminderApp.app; sourceTree = BUILT_PRODUCTS_DIR; };
		18404CB924BCBB1B00B386D5 /* AppDelegate.swift */ = {isa = PBXFileReference; lastKnownFileType = sourcecode.swift; path = AppDelegate.swift; sourceTree = "<group>"; };
		18404CBB24BCBB1B00B386D5 /* SceneDelegate.swift */ = {isa = PBXFileReference; lastKnownFileType = sourcecode.swift; path = SceneDelegate.swift; sourceTree = "<group>"; };
		18404CC024BCBB1B00B386D5 /* Base */ = {isa = PBXFileReference; lastKnownFileType = file.storyboard; name = Base; path = Base.lproj/Main.storyboard; sourceTree = "<group>"; };
		18404CC324BCBB1B00B386D5 /* reminderApp.xcdatamodel */ = {isa = PBXFileReference; lastKnownFileType = wrapper.xcdatamodel; path = reminderApp.xcdatamodel; sourceTree = "<group>"; };
		18404CC524BCBB1D00B386D5 /* Assets.xcassets */ = {isa = PBXFileReference; lastKnownFileType = folder.assetcatalog; path = Assets.xcassets; sourceTree = "<group>"; };
		18404CC824BCBB1D00B386D5 /* Base */ = {isa = PBXFileReference; lastKnownFileType = file.storyboard; name = Base; path = Base.lproj/LaunchScreen.storyboard; sourceTree = "<group>"; };
		18404CCA24BCBB1D00B386D5 /* Info.plist */ = {isa = PBXFileReference; lastKnownFileType = text.plist.xml; path = Info.plist; sourceTree = "<group>"; };
		18404CD224BCBFCF00B386D5 /* toDoTableViewController.swift */ = {isa = PBXFileReference; lastKnownFileType = sourcecode.swift; path = toDoTableViewController.swift; sourceTree = "<group>"; };
/* End PBXFileReference section */

/* Begin PBXFrameworksBuildPhase section */
		18404CB324BCBB1B00B386D5 /* Frameworks */ = {
			isa = PBXFrameworksBuildPhase;
			buildActionMask = 2147483647;
			files = (
			);
			runOnlyForDeploymentPostprocessing = 0;
		};
/* End PBXFrameworksBuildPhase section */

/* Begin PBXGroup section */
		18404CAD24BCBB1B00B386D5 = {
			isa = PBXGroup;
			children = (
				18404CB824BCBB1B00B386D5 /* reminderApp */,
				18404CB724BCBB1B00B386D5 /* Products */,
			);
			sourceTree = "<group>";
		};
		18404CB724BCBB1B00B386D5 /* Products */ = {
			isa = PBXGroup;
			children = (
				18404CB624BCBB1B00B386D5 /* reminderApp.app */,
			);
			name = Products;
			sourceTree = "<group>";
		};
		18404CB824BCBB1B00B386D5 /* reminderApp */ = {
			isa = PBXGroup;
			children = (
				18404CD224BCBFCF00B386D5 /* toDoTableViewController.swift */,
				18404CB924BCBB1B00B386D5 /* AppDelegate.swift */,
				18404CBB24BCBB1B00B386D5 /* SceneDelegate.swift */,
				18404CBF24BCBB1B00B386D5 /* Main.storyboard */,
				1831C43524BE002100AC1828 /* addToDoViewController.swift */,
				1831C43324BDFE1700AC1828 /* TableViewController.swift */,
				1831C43124BDF8AA00AC1828 /* ToDo.swift */,
				18404CC524BCBB1D00B386D5 /* Assets.xcassets */,
				18404CC724BCBB1D00B386D5 /* LaunchScreen.storyboard */,
				18404CCA24BCBB1D00B386D5 /* Info.plist */,
				18404CC224BCBB1B00B386D5 /* reminderApp.xcdatamodeld */,
			);
			path = reminderApp;
			sourceTree = "<group>";
		};
/* End PBXGroup section */

/* Begin PBXNativeTarget section */
		18404CB524BCBB1B00B386D5 /* reminderApp */ = {
			isa = PBXNativeTarget;
			buildConfigurationList = 18404CCD24BCBB1D00B386D5 /* Build configuration list for PBXNativeTarget "reminderApp" */;
			buildPhases = (
				18404CB224BCBB1B00B386D5 /* Sources */,
				18404CB324BCBB1B00B386D5 /* Frameworks */,
				18404CB424BCBB1B00B386D5 /* Resources */,
			);
			buildRules = (
			);
			dependencies = (
			);
			name = reminderApp;
			productName = reminderApp;
			productReference = 18404CB624BCBB1B00B386D5 /* reminderApp.app */;
			productType = "com.apple.product-type.application";
		};
/* End PBXNativeTarget section */

/* Begin PBXProject section */
		18404CAE24BCBB1B00B386D5 /* Project object */ = {
			isa = PBXProject;
			attributes = {
				LastSwiftUpdateCheck = 1150;
				LastUpgradeCheck = 1150;
				ORGANIZATIONNAME = "Madison Parker";
				TargetAttributes = {
					18404CB524BCBB1B00B386D5 = {
						CreatedOnToolsVersion = 11.5;
					};
				};
			};
			buildConfigurationList = 18404CB124BCBB1B00B386D5 /* Build configuration list for PBXProject "reminderApp" */;
			compatibilityVersion = "Xcode 9.3";
			developmentRegion = en;
			hasScannedForEncodings = 0;
			knownRegions = (
				en,
				Base,
			);
			mainGroup = 18404CAD24BCBB1B00B386D5;
			productRefGroup = 18404CB724BCBB1B00B386D5 /* Products */;
			projectDirPath = "";
			projectRoot = "";
			targets = (
				18404CB524BCBB1B00B386D5 /* reminderApp */,
			);
		};
/* End PBXProject section */

/* Begin PBXResourcesBuildPhase section */
		18404CB424BCBB1B00B386D5 /* Resources */ = {
			isa = PBXResourcesBuildPhase;
			buildActionMask = 2147483647;
			files = (
				18404CC924BCBB1D00B386D5 /* LaunchScreen.storyboard in Resources */,
				18404CC624BCBB1D00B386D5 /* Assets.xcassets in Resources */,
				18404CC124BCBB1B00B386D5 /* Main.storyboard in Resources */,
			);
			runOnlyForDeploymentPostprocessing = 0;
		};
/* End PBXResourcesBuildPhase section */

/* Begin PBXSourcesBuildPhase section */
		18404CB224BCBB1B00B386D5 /* Sources */ = {
			isa = PBXSourcesBuildPhase;
			buildActionMask = 2147483647;
			files = (
				18404CD324BCBFCF00B386D5 /* toDoTableViewController.swift in Sources */,
				1831C43424BDFE1700AC1828 /* TableViewController.swift in Sources */,
				1831C43224BDF8AA00AC1828 /* ToDo.swift in Sources */,
				18404CBA24BCBB1B00B386D5 /* AppDelegate.swift in Sources */,
				1831C43624BE002100AC1828 /* addToDoViewController.swift in Sources */,
				18404CBC24BCBB1B00B386D5 /* SceneDelegate.swift in Sources */,
				18404CC424BCBB1B00B386D5 /* reminderApp.xcdatamodeld in Sources */,
			);
			runOnlyForDeploymentPostprocessing = 0;
		};
/* End PBXSourcesBuildPhase section */

/* Begin PBXVariantGroup section */
		18404CBF24BCBB1B00B386D5 /* Main.storyboard */ = {
			isa = PBXVariantGroup;
			children = (
				18404CC024BCBB1B00B386D5 /* Base */,
			);
			name = Main.storyboard;
			sourceTree = "<group>";
		};
		18404CC724BCBB1D00B386D5 /* LaunchScreen.storyboard */ = {
			isa = PBXVariantGroup;
			children = (
				18404CC824BCBB1D00B386D5 /* Base */,
			);
			name = LaunchScreen.storyboard;
			sourceTree = "<group>";
		};
/* End PBXVariantGroup section */

/* Begin XCBuildConfiguration section */
		18404CCB24BCBB1D00B386D5 /* Debug */ = {
			isa = XCBuildConfiguration;
			buildSettings = {
				ALWAYS_SEARCH_USER_PATHS = NO;
				CLANG_ANALYZER_NONNULL = YES;
				CLANG_ANALYZER_NUMBER_OBJECT_CONVERSION = YES_AGGRESSIVE;
				CLANG_CXX_LANGUAGE_STANDARD = "gnu++14";
				CLANG_CXX_LIBRARY = "libc++";
				CLANG_ENABLE_MODULES = YES;
				CLANG_ENABLE_OBJC_ARC = YES;
				CLANG_ENABLE_OBJC_WEAK = YES;
				CLANG_WARN_BLOCK_CAPTURE_AUTORELEASING = YES;
				CLANG_WARN_BOOL_CONVERSION = YES;
				CLANG_WARN_COMMA = YES;
				CLANG_WARN_CONSTANT_CONVERSION = YES;
				CLANG_WARN_DEPRECATED_OBJC_IMPLEMENTATIONS = YES;
				CLANG_WARN_DIRECT_OBJC_ISA_USAGE = YES_ERROR;
				CLANG_WARN_DOCUMENTATION_COMMENTS = YES;
				CLANG_WARN_EMPTY_BODY = YES;
				CLANG_WARN_ENUM_CONVERSION = YES;
				CLANG_WARN_INFINITE_RECURSION = YES;
				CLANG_WARN_INT_CONVERSION = YES;
				CLANG_WARN_NON_LITERAL_NULL_CONVERSION = YES;
				CLANG_WARN_OBJC_IMPLICIT_RETAIN_SELF = YES;
				CLANG_WARN_OBJC_LITERAL_CONVERSION = YES;
				CLANG_WARN_OBJC_ROOT_CLASS = YES_ERROR;
				CLANG_WARN_RANGE_LOOP_ANALYSIS = YES;
				CLANG_WARN_STRICT_PROTOTYPES = YES;
				CLANG_WARN_SUSPICIOUS_MOVE = YES;
				CLANG_WARN_UNGUARDED_AVAILABILITY = YES_AGGRESSIVE;
				CLANG_WARN_UNREACHABLE_CODE = YES;
				CLANG_WARN__DUPLICATE_METHOD_MATCH = YES;
				COPY_PHASE_STRIP = NO;
				DEBUG_INFORMATION_FORMAT = dwarf;
				ENABLE_STRICT_OBJC_MSGSEND = YES;
				ENABLE_TESTABILITY = YES;
				GCC_C_LANGUAGE_STANDARD = gnu11;
				GCC_DYNAMIC_NO_PIC = NO;
				GCC_NO_COMMON_BLOCKS = YES;
				GCC_OPTIMIZATION_LEVEL = 0;
				GCC_PREPROCESSOR_DEFINITIONS = (
					"DEBUG=1",
					"$(inherited)",
				);
				GCC_WARN_64_TO_32_BIT_CONVERSION = YES;
				GCC_WARN_ABOUT_RETURN_TYPE = YES_ERROR;
				GCC_WARN_UNDECLARED_SELECTOR = YES;
				GCC_WARN_UNINITIALIZED_AUTOS = YES_AGGRESSIVE;
				GCC_WARN_UNUSED_FUNCTION = YES;
				GCC_WARN_UNUSED_VARIABLE = YES;
				IPHONEOS_DEPLOYMENT_TARGET = 13.5;
				MTL_ENABLE_DEBUG_INFO = INCLUDE_SOURCE;
				MTL_FAST_MATH = YES;
				ONLY_ACTIVE_ARCH = YES;
				SDKROOT = iphoneos;
				SWIFT_ACTIVE_COMPILATION_CONDITIONS = DEBUG;
				SWIFT_OPTIMIZATION_LEVEL = "-Onone";
			};
			name = Debug;
		};
		18404CCC24BCBB1D00B386D5 /* Release */ = {
			isa = XCBuildConfiguration;
			buildSettings = {
				ALWAYS_SEARCH_USER_PATHS = NO;
				CLANG_ANALYZER_NONNULL = YES;
				CLANG_ANALYZER_NUMBER_OBJECT_CONVERSION = YES_AGGRESSIVE;
				CLANG_CXX_LANGUAGE_STANDARD = "gnu++14";
				CLANG_CXX_LIBRARY = "libc++";
				CLANG_ENABLE_MODULES = YES;
				CLANG_ENABLE_OBJC_ARC = YES;
				CLANG_ENABLE_OBJC_WEAK = YES;
				CLANG_WARN_BLOCK_CAPTURE_AUTORELEASING = YES;
				CLANG_WARN_BOOL_CONVERSION = YES;
				CLANG_WARN_COMMA = YES;
				CLANG_WARN_CONSTANT_CONVERSION = YES;
				CLANG_WARN_DEPRECATED_OBJC_IMPLEMENTATIONS = YES;
				CLANG_WARN_DIRECT_OBJC_ISA_USAGE = YES_ERROR;
				CLANG_WARN_DOCUMENTATION_COMMENTS = YES;
				CLANG_WARN_EMPTY_BODY = YES;
				CLANG_WARN_ENUM_CONVERSION = YES;
				CLANG_WARN_INFINITE_RECURSION = YES;
				CLANG_WARN_INT_CONVERSION = YES;
				CLANG_WARN_NON_LITERAL_NULL_CONVERSION = YES;
				CLANG_WARN_OBJC_IMPLICIT_RETAIN_SELF = YES;
				CLANG_WARN_OBJC_LITERAL_CONVERSION = YES;
				CLANG_WARN_OBJC_ROOT_CLASS = YES_ERROR;
				CLANG_WARN_RANGE_LOOP_ANALYSIS = YES;
				CLANG_WARN_STRICT_PROTOTYPES = YES;
				CLANG_WARN_SUSPICIOUS_MOVE = YES;
				CLANG_WARN_UNGUARDED_AVAILABILITY = YES_AGGRESSIVE;
				CLANG_WARN_UNREACHABLE_CODE = YES;
				CLANG_WARN__DUPLICATE_METHOD_MATCH = YES;
				COPY_PHASE_STRIP = NO;
				DEBUG_INFORMATION_FORMAT = "dwarf-with-dsym";
				ENABLE_NS_ASSERTIONS = NO;
				ENABLE_STRICT_OBJC_MSGSEND = YES;
				GCC_C_LANGUAGE_STANDARD = gnu11;
				GCC_NO_COMMON_BLOCKS = YES;
				GCC_WARN_64_TO_32_BIT_CONVERSION = YES;
				GCC_WARN_ABOUT_RETURN_TYPE = YES_ERROR;
				GCC_WARN_UNDECLARED_SELECTOR = YES;
				GCC_WARN_UNINITIALIZED_AUTOS = YES_AGGRESSIVE;
				GCC_WARN_UNUSED_FUNCTION = YES;
				GCC_WARN_UNUSED_VARIABLE = YES;
				IPHONEOS_DEPLOYMENT_TARGET = 13.5;
				MTL_ENABLE_DEBUG_INFO = NO;
				MTL_FAST_MATH = YES;
				SDKROOT = iphoneos;
				SWIFT_COMPILATION_MODE = wholemodule;
				SWIFT_OPTIMIZATION_LEVEL = "-O";
				VALIDATE_PRODUCT = YES;
			};
			name = Release;
		};
		18404CCE24BCBB1D00B386D5 /* Debug */ = {
			isa = XCBuildConfiguration;
			buildSettings = {
				ASSETCATALOG_COMPILER_APPICON_NAME = AppIcon;
				CODE_SIGN_STYLE = Automatic;
				INFOPLIST_FILE = reminderApp/Info.plist;
				LD_RUNPATH_SEARCH_PATHS = (
					"$(inherited)",
					"@executable_path/Frameworks",
				);
				PRODUCT_BUNDLE_IDENTIFIER = Parker.reminderApp;
				PRODUCT_NAME = "$(TARGET_NAME)";
				SWIFT_VERSION = 5.0;
				TARGETED_DEVICE_FAMILY = "1,2";
			};
			name = Debug;
		};
		18404CCF24BCBB1D00B386D5 /* Release */ = {
			isa = XCBuildConfiguration;
			buildSettings = {
				ASSETCATALOG_COMPILER_APPICON_NAME = AppIcon;
				CODE_SIGN_STYLE = Automatic;
				INFOPLIST_FILE = reminderApp/Info.plist;
				LD_RUNPATH_SEARCH_PATHS = (
					"$(inherited)",
					"@executable_path/Frameworks",
				);
				PRODUCT_BUNDLE_IDENTIFIER = Parker.reminderApp;
				PRODUCT_NAME = "$(TARGET_NAME)";
				SWIFT_VERSION = 5.0;
				TARGETED_DEVICE_FAMILY = "1,2";
			};
			name = Release;
		};
/* End XCBuildConfiguration section */

/* Begin XCConfigurationList section */
		18404CB124BCBB1B00B386D5 /* Build configuration list for PBXProject "reminderApp" */ = {
			isa = XCConfigurationList;
			buildConfigurations = (
				18404CCB24BCBB1D00B386D5 /* Debug */,
				18404CCC24BCBB1D00B386D5 /* Release */,
			);
			defaultConfigurationIsVisible = 0;
			defaultConfigurationName = Release;
		};
		18404CCD24BCBB1D00B386D5 /* Build configuration list for PBXNativeTarget "reminderApp" */ = {
			isa = XCConfigurationList;
			buildConfigurations = (
				18404CCE24BCBB1D00B386D5 /* Debug */,
				18404CCF24BCBB1D00B386D5 /* Release */,
			);
			defaultConfigurationIsVisible = 0;
			defaultConfigurationName = Release;
		};
/* End XCConfigurationList section */

/* Begin XCVersionGroup section */
		18404CC224BCBB1B00B386D5 /* reminderApp.xcdatamodeld */ = {
			isa = XCVersionGroup;
			children = (
				18404CC324BCBB1B00B386D5 /* reminderApp.xcdatamodel */,
			);
			currentVersion = 18404CC324BCBB1B00B386D5 /* reminderApp.xcdatamodel */;
			path = reminderApp.xcdatamodeld;
			sourceTree = "<group>";
			versionGroupType = wrapper.xcdatamodel;
		};
/* End XCVersionGroup section */
	};
	rootObject = 18404CAE24BCBB1B00B386D5 /* Project object */;
}
